
Microsoft Visual Studio Solution File, Format Version 12.00
# Visual Studio Version 16
VisualStudioVersion = 16.0.31702.278
MinimumVisualStudioVersion = 10.0.40219.1
Project("{FAE04EC0-301F-11D3-BF4B-00C04F79EFBC}") = "TH5", "TH5\TH5.csproj", "{423AFE86-12A8-4975-A65F-C277A1D3E7A7}"
EndProject
Global
	GlobalSection(SolutionConfigurationPlatforms) = preSolution
		Debug|Any CPU = Debug|Any CPU
		Release|Any CPU = Release|Any CPU
	EndGlobalSection
	GlobalSection(ProjectConfigurationPlatforms) = postSolution
		{423AFE86-12A8-4975-A65F-C277A1D3E7A7}.Debug|Any CPU.ActiveCfg = Debug|Any CPU
		{423AFE86-12A8-4975-A65F-C277A1D3E7A7}.Debug|Any CPU.Build.0 = Debug|Any CPU
		{423AFE86-12A8-4975-A65F-C277A1D3E7A7}.Release|Any CPU.ActiveCfg = Release|Any CPU
		{423AFE86-12A8-4975-A65F-C277A1D3E7A7}.Release|Any CPU.Build.0 = Release|Any CPU
	EndGlobalSection
	GlobalSection(SolutionProperties) = preSolution
		HideSolutionNode = FALSE
	EndGlobalSection
	GlobalSection(ExtensibilityGlobals) = postSolution
		SolutionGuid = {8C537260-6198-4FAB-9016-56111E91047A}
	EndGlobalSection
EndGlobal
